
Microsoft Visual Studio Solution File, Format Version 12.00
Project("{FAE04EC0-301F-11D3-BF4B-00C04F79EFBC}") = "print", "print\print.csproj", "{8D9C8744-EBCF-48C1-9014-0975E2651152}"
EndProject
Global
	GlobalSection(SolutionConfigurationPlatforms) = preSolution
		Debug|Any CPU = Debug|Any CPU
		Release|Any CPU = Release|Any CPU
	EndGlobalSection
	GlobalSection(ProjectConfigurationPlatforms) = postSolution
		{8D9C8744-EBCF-48C1-9014-0975E2651152}.Debug|Any CPU.ActiveCfg = Debug|Any CPU
		{8D9C8744-EBCF-48C1-9014-0975E2651152}.Debug|Any CPU.Build.0 = Debug|Any CPU
		{8D9C8744-EBCF-48C1-9014-0975E2651152}.Release|Any CPU.ActiveCfg = Release|Any CPU
		{8D9C8744-EBCF-48C1-9014-0975E2651152}.Release|Any CPU.Build.0 = Release|Any CPU
	EndGlobalSection
EndGlobal
